
Microsoft Visual Studio Solution File, Format Version 12.00
# Visual Studio Version 17
VisualStudioVersion = 17.14.36221.1 d17.14
MinimumVisualStudioVersion = 10.0.40219.1
Project("{FAE04EC0-301F-11D3-BF4B-00C04F79EFBC}") = "Login App", "Login App\Login App.csproj", "{6B41CF62-8A6F-4803-BC08-505B5C5E900B}"
EndProject
Global
	GlobalSection(SolutionConfigurationPlatforms) = preSolution
		Debug|Any CPU = Debug|Any CPU
		Release|Any CPU = Release|Any CPU
	EndGlobalSection
	GlobalSection(ProjectConfigurationPlatforms) = postSolution
		{6B41CF62-8A6F-4803-BC08-505B5C5E900B}.Debug|Any CPU.ActiveCfg = Debug|Any CPU
		{6B41CF62-8A6F-4803-BC08-505B5C5E900B}.Debug|Any CPU.Build.0 = Debug|Any CPU
		{6B41CF62-8A6F-4803-BC08-505B5C5E900B}.Release|Any CPU.ActiveCfg = Release|Any CPU
		{6B41CF62-8A6F-4803-BC08-505B5C5E900B}.Release|Any CPU.Build.0 = Release|Any CPU
	EndGlobalSection
	GlobalSection(SolutionProperties) = preSolution
		HideSolutionNode = FALSE
	EndGlobalSection
	GlobalSection(ExtensibilityGlobals) = postSolution
		SolutionGuid = {A6C06047-5144-4770-A3A2-75586CFFF0CD}
	EndGlobalSection
EndGlobal
